// !$*UTF8*$!
{
	archiveVersion = 1;
	classes = {
	};
	objectVersion = 56;
	objects = {

/* Begin PBXBuildFile section */
		307181692A2D740E00E10B2C /* AboutView.swift in Sources */ = {isa = PBXBuildFile; fileRef = 3071815C2A2D740E00E10B2C /* AboutView.swift */; };
		3071816A2A2D740E00E10B2C /* SettingsView.swift in Sources */ = {isa = PBXBuildFile; fileRef = 3071815D2A2D740E00E10B2C /* SettingsView.swift */; };
		3071816C2A2D740E00E10B2C /* SoundPlayer.swift in Sources */ = {isa = PBXBuildFile; fileRef = 3071815F2A2D740E00E10B2C /* SoundPlayer.swift */; };
		3071816D2A2D740E00E10B2C /* Assets.xcassets in Resources */ = {isa = PBXBuildFile; fileRef = 307181612A2D740E00E10B2C /* Assets.xcassets */; };
		3071816E2A2D740E00E10B2C /* Preview Assets.xcassets in Resources */ = {isa = PBXBuildFile; fileRef = 307181632A2D740E00E10B2C /* Preview Assets.xcassets */; };
		3071816F2A2D740E00E10B2C /* UserDefaults.swift in Sources */ = {isa = PBXBuildFile; fileRef = 307181642A2D740E00E10B2C /* UserDefaults.swift */; };
		307181702A2D740E00E10B2C /* MainView.swift in Sources */ = {isa = PBXBuildFile; fileRef = 307181652A2D740E00E10B2C /* MainView.swift */; };
		307181712A2D740E00E10B2C /* TimeHelper.swift in Sources */ = {isa = PBXBuildFile; fileRef = 307181662A2D740E00E10B2C /* TimeHelper.swift */; };
		307181722A2D740E00E10B2C /* TimerApp.swift in Sources */ = {isa = PBXBuildFile; fileRef = 307181672A2D740E00E10B2C /* TimerApp.swift */; };
		307181732A2D740E00E10B2C /* Info.plist in Resources */ = {isa = PBXBuildFile; fileRef = 307181682A2D740E00E10B2C /* Info.plist */; };
		307181802A2E98DE00E10B2C /* beep.mp3 in Resources */ = {isa = PBXBuildFile; fileRef = 3071817F2A2E98DE00E10B2C /* beep.mp3 */; };
/* End PBXBuildFile section */

/* Begin PBXFileReference section */
		3071815C2A2D740E00E10B2C /* AboutView.swift */ = {isa = PBXFileReference; fileEncoding = 4; lastKnownFileType = sourcecode.swift; path = AboutView.swift; sourceTree = "<group>"; };
		3071815D2A2D740E00E10B2C /* SettingsView.swift */ = {isa = PBXFileReference; fileEncoding = 4; lastKnownFileType = sourcecode.swift; path = SettingsView.swift; sourceTree = "<group>"; };
		3071815F2A2D740E00E10B2C /* SoundPlayer.swift */ = {isa = PBXFileReference; fileEncoding = 4; lastKnownFileType = sourcecode.swift; path = SoundPlayer.swift; sourceTree = "<group>"; };
		307181602A2D740E00E10B2C /* Timer.entitlements */ = {isa = PBXFileReference; fileEncoding = 4; lastKnownFileType = text.plist.entitlements; path = Timer.entitlements; sourceTree = "<group>"; };
		307181612A2D740E00E10B2C /* Assets.xcassets */ = {isa = PBXFileReference; lastKnownFileType = folder.assetcatalog; path = Assets.xcassets; sourceTree = "<group>"; };
		307181632A2D740E00E10B2C /* Preview Assets.xcassets */ = {isa = PBXFileReference; lastKnownFileType = folder.assetcatalog; path = "Preview Assets.xcassets"; sourceTree = "<group>"; };
		307181642A2D740E00E10B2C /* UserDefaults.swift */ = {isa = PBXFileReference; fileEncoding = 4; lastKnownFileType = sourcecode.swift; path = UserDefaults.swift; sourceTree = "<group>"; };
		307181652A2D740E00E10B2C /* MainView.swift */ = {isa = PBXFileReference; fileEncoding = 4; lastKnownFileType = sourcecode.swift; path = MainView.swift; sourceTree = "<group>"; };
		307181662A2D740E00E10B2C /* TimeHelper.swift */ = {isa = PBXFileReference; fileEncoding = 4; lastKnownFileType = sourcecode.swift; path = TimeHelper.swift; sourceTree = "<group>"; };
		307181672A2D740E00E10B2C /* TimerApp.swift */ = {isa = PBXFileReference; fileEncoding = 4; lastKnownFileType = sourcecode.swift; path = TimerApp.swift; sourceTree = "<group>"; };
		307181682A2D740E00E10B2C /* Info.plist */ = {isa = PBXFileReference; fileEncoding = 4; lastKnownFileType = text.plist.xml; path = Info.plist; sourceTree = "<group>"; };
		3071817F2A2E98DE00E10B2C /* beep.mp3 */ = {isa = PBXFileReference; lastKnownFileType = audio.mp3; path = beep.mp3; sourceTree = "<group>"; };
		3096B6582A2C274D00E3EC2A /* SimplePomato.app */ = {isa = PBXFileReference; explicitFileType = wrapper.application; includeInIndex = 0; path = SimplePomato.app; sourceTree = BUILT_PRODUCTS_DIR; };
/* End PBXFileReference section */

/* Begin PBXFrameworksBuildPhase section */
		3096B6552A2C274D00E3EC2A /* Frameworks */ = {
			isa = PBXFrameworksBuildPhase;
			buildActionMask = 2147483647;
			files = (
			);
			runOnlyForDeploymentPostprocessing = 0;
		};
/* End PBXFrameworksBuildPhase section */

/* Begin PBXGroup section */
		3071815B2A2D740E00E10B2C /* Timer */ = {
			isa = PBXGroup;
			children = (
				3071815C2A2D740E00E10B2C /* AboutView.swift */,
				3071815D2A2D740E00E10B2C /* SettingsView.swift */,
				3071815F2A2D740E00E10B2C /* SoundPlayer.swift */,
				307181602A2D740E00E10B2C /* Timer.entitlements */,
				307181612A2D740E00E10B2C /* Assets.xcassets */,
				307181622A2D740E00E10B2C /* Preview Content */,
				307181642A2D740E00E10B2C /* UserDefaults.swift */,
				307181652A2D740E00E10B2C /* MainView.swift */,
				307181662A2D740E00E10B2C /* TimeHelper.swift */,
				307181672A2D740E00E10B2C /* TimerApp.swift */,
				307181682A2D740E00E10B2C /* Info.plist */,
				3071817F2A2E98DE00E10B2C /* beep.mp3 */,
			);
			path = Timer;
			sourceTree = "<group>";
		};
		307181622A2D740E00E10B2C /* Preview Content */ = {
			isa = PBXGroup;
			children = (
				307181632A2D740E00E10B2C /* Preview Assets.xcassets */,
			);
			path = "Preview Content";
			sourceTree = "<group>";
		};
		3096B64F2A2C274D00E3EC2A = {
			isa = PBXGroup;
			children = (
				3071815B2A2D740E00E10B2C /* Timer */,
				3096B6592A2C274D00E3EC2A /* Products */,
			);
			sourceTree = "<group>";
		};
		3096B6592A2C274D00E3EC2A /* Products */ = {
			isa = PBXGroup;
			children = (
				3096B6582A2C274D00E3EC2A /* SimplePomato.app */,
			);
			name = Products;
			sourceTree = "<group>";
		};
/* End PBXGroup section */

/* Begin PBXNativeTarget section */
		3096B6572A2C274D00E3EC2A /* SimplePomato */ = {
			isa = PBXNativeTarget;
			buildConfigurationList = 3096B6672A2C274E00E3EC2A /* Build configuration list for PBXNativeTarget "SimplePomato" */;
			buildPhases = (
				3096B6542A2C274D00E3EC2A /* Sources */,
				3096B6552A2C274D00E3EC2A /* Frameworks */,
				3096B6562A2C274D00E3EC2A /* Resources */,
			);
			buildRules = (
			);
			dependencies = (
			);
			name = SimplePomato;
			productName = Timer;
			productReference = 3096B6582A2C274D00E3EC2A /* SimplePomato.app */;
			productType = "com.apple.product-type.application";
		};
/* End PBXNativeTarget section */

/* Begin PBXProject section */
		3096B6502A2C274D00E3EC2A /* Project object */ = {
			isa = PBXProject;
			attributes = {
				BuildIndependentTargetsInParallel = 1;
				LastSwiftUpdateCheck = 1430;
				LastUpgradeCheck = 1430;
				TargetAttributes = {
					3096B6572A2C274D00E3EC2A = {
						CreatedOnToolsVersion = 14.3.1;
					};
				};
			};
			buildConfigurationList = 3096B6532A2C274D00E3EC2A /* Build configuration list for PBXProject "SimplePomato" */;
			compatibilityVersion = "Xcode 14.0";
			developmentRegion = en;
			hasScannedForEncodings = 0;
			knownRegions = (
				en,
				Base,
			);
			mainGroup = 3096B64F2A2C274D00E3EC2A;
			productRefGroup = 3096B6592A2C274D00E3EC2A /* Products */;
			projectDirPath = "";
			projectRoot = "";
			targets = (
				3096B6572A2C274D00E3EC2A /* SimplePomato */,
			);
		};
/* End PBXProject section */

/* Begin PBXResourcesBuildPhase section */
		3096B6562A2C274D00E3EC2A /* Resources */ = {
			isa = PBXResourcesBuildPhase;
			buildActionMask = 2147483647;
			files = (
				307181732A2D740E00E10B2C /* Info.plist in Resources */,
				307181802A2E98DE00E10B2C /* beep.mp3 in Resources */,
				3071816D2A2D740E00E10B2C /* Assets.xcassets in Resources */,
				3071816E2A2D740E00E10B2C /* Preview Assets.xcassets in Resources */,
			);
			runOnlyForDeploymentPostprocessing = 0;
		};
/* End PBXResourcesBuildPhase section */

/* Begin PBXSourcesBuildPhase section */
		3096B6542A2C274D00E3EC2A /* Sources */ = {
			isa = PBXSourcesBuildPhase;
			buildActionMask = 2147483647;
			files = (
				3071816F2A2D740E00E10B2C /* UserDefaults.swift in Sources */,
				307181692A2D740E00E10B2C /* AboutView.swift in Sources */,
				307181712A2D740E00E10B2C /* TimeHelper.swift in Sources */,
				307181722A2D740E00E10B2C /* TimerApp.swift in Sources */,
				3071816C2A2D740E00E10B2C /* SoundPlayer.swift in Sources */,
				307181702A2D740E00E10B2C /* MainView.swift in Sources */,
				3071816A2A2D740E00E10B2C /* SettingsView.swift in Sources */,
			);
			runOnlyForDeploymentPostprocessing = 0;
		};
/* End PBXSourcesBuildPhase section */

/* Begin XCBuildConfiguration section */
		3096B6652A2C274E00E3EC2A /* Debug */ = {
			isa = XCBuildConfiguration;
			buildSettings = {
				ALWAYS_SEARCH_USER_PATHS = NO;
				CLANG_ANALYZER_NONNULL = YES;
				CLANG_ANALYZER_NUMBER_OBJECT_CONVERSION = YES_AGGRESSIVE;
				CLANG_CXX_LANGUAGE_STANDARD = "gnu++20";
				CLANG_ENABLE_MODULES = YES;
				CLANG_ENABLE_OBJC_ARC = YES;
				CLANG_ENABLE_OBJC_WEAK = YES;
				CLANG_WARN_BLOCK_CAPTURE_AUTORELEASING = YES;
				CLANG_WARN_BOOL_CONVERSION = YES;
				CLANG_WARN_COMMA = YES;
				CLANG_WARN_CONSTANT_CONVERSION = YES;
				CLANG_WARN_DEPRECATED_OBJC_IMPLEMENTATIONS = YES;
				CLANG_WARN_DIRECT_OBJC_ISA_USAGE = YES_ERROR;
				CLANG_WARN_DOCUMENTATION_COMMENTS = YES;
				CLANG_WARN_EMPTY_BODY = YES;
				CLANG_WARN_ENUM_CONVERSION = YES;
				CLANG_WARN_INFINITE_RECURSION = YES;
				CLANG_WARN_INT_CONVERSION = YES;
				CLANG_WARN_NON_LITERAL_NULL_CONVERSION = YES;
				CLANG_WARN_OBJC_IMPLICIT_RETAIN_SELF = YES;
				CLANG_WARN_OBJC_LITERAL_CONVERSION = YES;
				CLANG_WARN_OBJC_ROOT_CLASS = YES_ERROR;
				CLANG_WARN_QUOTED_INCLUDE_IN_FRAMEWORK_HEADER = YES;
				CLANG_WARN_RANGE_LOOP_ANALYSIS = YES;
				CLANG_WARN_STRICT_PROTOTYPES = YES;
				CLANG_WARN_SUSPICIOUS_MOVE = YES;
				CLANG_WARN_UNGUARDED_AVAILABILITY = YES_AGGRESSIVE;
				CLANG_WARN_UNREACHABLE_CODE = YES;
				CLANG_WARN__DUPLICATE_METHOD_MATCH = YES;
				COPY_PHASE_STRIP = NO;
				DEBUG_INFORMATION_FORMAT = dwarf;
				ENABLE_STRICT_OBJC_MSGSEND = YES;
				ENABLE_TESTABILITY = YES;
				GCC_C_LANGUAGE_STANDARD = gnu11;
				GCC_DYNAMIC_NO_PIC = NO;
				GCC_NO_COMMON_BLOCKS = YES;
				GCC_OPTIMIZATION_LEVEL = 0;
				GCC_PREPROCESSOR_DEFINITIONS = (
					"DEBUG=1",
					"$(inherited)",
				);
				GCC_WARN_64_TO_32_BIT_CONVERSION = YES;
				GCC_WARN_ABOUT_RETURN_TYPE = YES_ERROR;
				GCC_WARN_UNDECLARED_SELECTOR = YES;
				GCC_WARN_UNINITIALIZED_AUTOS = YES_AGGRESSIVE;
				GCC_WARN_UNUSED_FUNCTION = YES;
				GCC_WARN_UNUSED_VARIABLE = YES;
				MACOSX_DEPLOYMENT_TARGET = 13.3;
				MTL_ENABLE_DEBUG_INFO = INCLUDE_SOURCE;
				MTL_FAST_MATH = YES;
				ONLY_ACTIVE_ARCH = YES;
				SDKROOT = macosx;
				SWIFT_ACTIVE_COMPILATION_CONDITIONS = DEBUG;
				SWIFT_OPTIMIZATION_LEVEL = "-Onone";
			};
			name = Debug;
		};
		3096B6662A2C274E00E3EC2A /* Release */ = {
			isa = XCBuildConfiguration;
			buildSettings = {
				ALWAYS_SEARCH_USER_PATHS = NO;
				CLANG_ANALYZER_NONNULL = YES;
				CLANG_ANALYZER_NUMBER_OBJECT_CONVERSION = YES_AGGRESSIVE;
				CLANG_CXX_LANGUAGE_STANDARD = "gnu++20";
				CLANG_ENABLE_MODULES = YES;
				CLANG_ENABLE_OBJC_ARC = YES;
				CLANG_ENABLE_OBJC_WEAK = YES;
				CLANG_WARN_BLOCK_CAPTURE_AUTORELEASING = YES;
				CLANG_WARN_BOOL_CONVERSION = YES;
				CLANG_WARN_COMMA = YES;
				CLANG_WARN_CONSTANT_CONVERSION = YES;
				CLANG_WARN_DEPRECATED_OBJC_IMPLEMENTATIONS = YES;
				CLANG_WARN_DIRECT_OBJC_ISA_USAGE = YES_ERROR;
				CLANG_WARN_DOCUMENTATION_COMMENTS = YES;
				CLANG_WARN_EMPTY_BODY = YES;
				CLANG_WARN_ENUM_CONVERSION = YES;
				CLANG_WARN_INFINITE_RECURSION = YES;
				CLANG_WARN_INT_CONVERSION = YES;
				CLANG_WARN_NON_LITERAL_NULL_CONVERSION = YES;
				CLANG_WARN_OBJC_IMPLICIT_RETAIN_SELF = YES;
				CLANG_WARN_OBJC_LITERAL_CONVERSION = YES;
				CLANG_WARN_OBJC_ROOT_CLASS = YES_ERROR;
				CLANG_WARN_QUOTED_INCLUDE_IN_FRAMEWORK_HEADER = YES;
				CLANG_WARN_RANGE_LOOP_ANALYSIS = YES;
				CLANG_WARN_STRICT_PROTOTYPES = YES;
				CLANG_WARN_SUSPICIOUS_MOVE = YES;
				CLANG_WARN_UNGUARDED_AVAILABILITY = YES_AGGRESSIVE;
				CLANG_WARN_UNREACHABLE_CODE = YES;
				CLANG_WARN__DUPLICATE_METHOD_MATCH = YES;
				COPY_PHASE_STRIP = NO;
				DEBUG_INFORMATION_FORMAT = "dwarf-with-dsym";
				ENABLE_NS_ASSERTIONS = NO;
				ENABLE_STRICT_OBJC_MSGSEND = YES;
				GCC_C_LANGUAGE_STANDARD = gnu11;
				GCC_NO_COMMON_BLOCKS = YES;
				GCC_WARN_64_TO_32_BIT_CONVERSION = YES;
				GCC_WARN_ABOUT_RETURN_TYPE = YES_ERROR;
				GCC_WARN_UNDECLARED_SELECTOR = YES;
				GCC_WARN_UNINITIALIZED_AUTOS = YES_AGGRESSIVE;
				GCC_WARN_UNUSED_FUNCTION = YES;
				GCC_WARN_UNUSED_VARIABLE = YES;
				MACOSX_DEPLOYMENT_TARGET = 13.3;
				MTL_ENABLE_DEBUG_INFO = NO;
				MTL_FAST_MATH = YES;
				SDKROOT = macosx;
				SWIFT_COMPILATION_MODE = wholemodule;
				SWIFT_OPTIMIZATION_LEVEL = "-O";
			};
			name = Release;
		};
		3096B6682A2C274E00E3EC2A /* Debug */ = {
			isa = XCBuildConfiguration;
			buildSettings = {
				ASSETCATALOG_COMPILER_APPICON_NAME = AppIcon;
				ASSETCATALOG_COMPILER_GLOBAL_ACCENT_COLOR_NAME = AccentColor;
				CODE_SIGN_ENTITLEMENTS = Timer/Timer.entitlements;
				CODE_SIGN_STYLE = Automatic;
				COMBINE_HIDPI_IMAGES = YES;
				CURRENT_PROJECT_VERSION = 3;
				DEVELOPMENT_ASSET_PATHS = "";
				ENABLE_PREVIEWS = YES;
				GENERATE_INFOPLIST_FILE = YES;
				INFOPLIST_FILE = Timer/Info.plist;
				INFOPLIST_KEY_CFBundleDisplayName = SimplePomato;
				INFOPLIST_KEY_LSApplicationCategoryType = "public.app-category.productivity";
				INFOPLIST_KEY_LSUIElement = YES;
				INFOPLIST_KEY_NSHumanReadableCopyright = "";
				LD_RUNPATH_SEARCH_PATHS = (
					"$(inherited)",
					"@executable_path/../Frameworks",
				);
				MARKETING_VERSION = 1.3;
				PRODUCT_BUNDLE_IDENTIFIER = co.cunniff.Timer;
				PRODUCT_NAME = "$(TARGET_NAME)";
				SWIFT_EMIT_LOC_STRINGS = YES;
				SWIFT_VERSION = 5.0;
			};
			name = Debug;
		};
		3096B6692A2C274E00E3EC2A /* Release */ = {
			isa = XCBuildConfiguration;
			buildSettings = {
				ASSETCATALOG_COMPILER_APPICON_NAME = AppIcon;
				ASSETCATALOG_COMPILER_GLOBAL_ACCENT_COLOR_NAME = AccentColor;
				CODE_SIGN_ENTITLEMENTS = Timer/Timer.entitlements;
				CODE_SIGN_STYLE = Automatic;
				COMBINE_HIDPI_IMAGES = YES;
				CURRENT_PROJECT_VERSION = 3;
				DEVELOPMENT_ASSET_PATHS = "";
				ENABLE_PREVIEWS = YES;
				GENERATE_INFOPLIST_FILE = YES;
				INFOPLIST_FILE = Timer/Info.plist;
				INFOPLIST_KEY_CFBundleDisplayName = SimplePomato;
				INFOPLIST_KEY_LSApplicationCategoryType = "public.app-category.productivity";
				INFOPLIST_KEY_LSUIElement = YES;
				INFOPLIST_KEY_NSHumanReadableCopyright = "";
				LD_RUNPATH_SEARCH_PATHS = (
					"$(inherited)",
					"@executable_path/../Frameworks",
				);
				MARKETING_VERSION = 1.3;
				PRODUCT_BUNDLE_IDENTIFIER = co.cunniff.Timer;
				PRODUCT_NAME = "$(TARGET_NAME)";
				SWIFT_EMIT_LOC_STRINGS = YES;
				SWIFT_VERSION = 5.0;
			};
			name = Release;
		};
/* End XCBuildConfiguration section */

/* Begin XCConfigurationList section */
		3096B6532A2C274D00E3EC2A /* Build configuration list for PBXProject "SimplePomato" */ = {
			isa = XCConfigurationList;
			buildConfigurations = (
				3096B6652A2C274E00E3EC2A /* Debug */,
				3096B6662A2C274E00E3EC2A /* Release */,
			);
			defaultConfigurationIsVisible = 0;
			defaultConfigurationName = Release;
		};
		3096B6672A2C274E00E3EC2A /* Build configuration list for PBXNativeTarget "SimplePomato" */ = {
			isa = XCConfigurationList;
			buildConfigurations = (
				3096B6682A2C274E00E3EC2A /* Debug */,
				3096B6692A2C274E00E3EC2A /* Release */,
			);
			defaultConfigurationIsVisible = 0;
			defaultConfigurationName = Release;
		};
/* End XCConfigurationList section */
	};
	rootObject = 3096B6502A2C274D00E3EC2A /* Project object */;
}
